
Microsoft Visual Studio Solution File, Format Version 12.00
# Visual Studio Version 16
VisualStudioVersion = 16.0.33529.622
MinimumVisualStudioVersion = 10.0.40219.1
Project("{FAE04EC0-301F-11D3-BF4B-00C04F79EFBC}") = "TH03", "TH03\TH03.csproj", "{EA9E82C1-0B19-4EFE-9387-46B4DEEE46CF}"
EndProject
Global
	GlobalSection(SolutionConfigurationPlatforms) = preSolution
		Debug|Any CPU = Debug|Any CPU
		Release|Any CPU = Release|Any CPU
	EndGlobalSection
	GlobalSection(ProjectConfigurationPlatforms) = postSolution
		{EA9E82C1-0B19-4EFE-9387-46B4DEEE46CF}.Debug|Any CPU.ActiveCfg = Debug|Any CPU
		{EA9E82C1-0B19-4EFE-9387-46B4DEEE46CF}.Debug|Any CPU.Build.0 = Debug|Any CPU
		{EA9E82C1-0B19-4EFE-9387-46B4DEEE46CF}.Release|Any CPU.ActiveCfg = Release|Any CPU
		{EA9E82C1-0B19-4EFE-9387-46B4DEEE46CF}.Release|Any CPU.Build.0 = Release|Any CPU
	EndGlobalSection
	GlobalSection(SolutionProperties) = preSolution
		HideSolutionNode = FALSE
	EndGlobalSection
	GlobalSection(ExtensibilityGlobals) = postSolution
		SolutionGuid = {385EE187-BFCC-41B5-B267-6820B2E4CD1F}
	EndGlobalSection
EndGlobal
